{
  "name": "@desco/json-to-sql-where",
  "version": "2.0.2",
  "lockfileVersion": 1,
  "requires": true,
  "dependencies": {
    "@desco/quotes-if-text": {
      "version": "1.0.0",
      "resolved": "https://registry.npmjs.org/@desco/quotes-if-text/-/quotes-if-text-1.0.0.tgz",
      "integrity": "sha512-AWIUqsTgivlT1Lt6BNcz2cn3YbqSVoKk7SSVy7tqX+gAQGTyGM1kGvW4VxI60ZbvGU0N3KYVR4EDJ7GN57J0ag=="
    },
    "is-array": {
      "version": "1.0.1",
      "resolved": "https://registry.npmjs.org/is-array/-/is-array-1.0.1.tgz",
      "integrity": "sha1-6YUMwsyGDDvAl36EzPDdRkWEJ5o="
    },
    "is-object": {
      "version": "1.0.1",
      "resolved": "https://registry.npmjs.org/is-object/-/is-object-1.0.1.tgz",
      "integrity": "sha1-iVJojF7C/9awPsyF52ngKQMINHA="
    },
    "object-map": {
      "version": "1.0.2",
      "resolved": "https://registry.npmjs.org/object-map/-/object-map-1.0.2.tgz",
      "integrity": "sha1-FGShv9JKGJH73aCzFJmL31FtK+A="
    }
  }
}
